// !$*UTF8*$!
{
	archiveVersion = 1;
	classes = {
	};
	objectVersion = 46;
	objects = {

/* Begin PBXBuildFile section */
		5547E58214ACE79300AA0218 /* JSONKit.m in Sources */ = {isa = PBXBuildFile; fileRef = 5547E58114ACE79300AA0218 /* JSONKit.m */; };
		55EFABD714ABBD9F0004828D /* Cocoa.framework in Frameworks */ = {isa = PBXBuildFile; fileRef = 55EFABD614ABBD9F0004828D /* Cocoa.framework */; };
		55EFABE114ABBD9F0004828D /* InfoPlist.strings in Resources */ = {isa = PBXBuildFile; fileRef = 55EFABDF14ABBD9F0004828D /* InfoPlist.strings */; };
		55EFABE314ABBD9F0004828D /* main.m in Sources */ = {isa = PBXBuildFile; fileRef = 55EFABE214ABBD9F0004828D /* main.m */; };
		55EFABE714ABBD9F0004828D /* Credits.rtf in Resources */ = {isa = PBXBuildFile; fileRef = 55EFABE514ABBD9F0004828D /* Credits.rtf */; };
		55EFABEA14ABBD9F0004828D /* ULIAppDelegate.m in Sources */ = {isa = PBXBuildFile; fileRef = 55EFABE914ABBD9F0004828D /* ULIAppDelegate.m */; };
		55EFABED14ABBDA00004828D /* MainMenu.xib in Resources */ = {isa = PBXBuildFile; fileRef = 55EFABEB14ABBDA00004828D /* MainMenu.xib */; };
		55EFABF814ABC0D00004828D /* ULIPointsView.m in Sources */ = {isa = PBXBuildFile; fileRef = 55EFABF714ABC0D00004828D /* ULIPointsView.m */; };
/* End PBXBuildFile section */

/* Begin PBXFileReference section */
		5547E58014ACE79300AA0218 /* JSONKit.h */ = {isa = PBXFileReference; fileEncoding = 4; lastKnownFileType = sourcecode.c.h; path = JSONKit.h; sourceTree = SOURCE_ROOT; };
		5547E58114ACE79300AA0218 /* JSONKit.m */ = {isa = PBXFileReference; fileEncoding = 4; lastKnownFileType = sourcecode.c.objc; path = JSONKit.m; sourceTree = SOURCE_ROOT; };
		55EFABD214ABBD9F0004828D /* r0ketmap.app */ = {isa = PBXFileReference; explicitFileType = wrapper.application; includeInIndex = 0; path = r0ketmap.app; sourceTree = BUILT_PRODUCTS_DIR; };
		55EFABD614ABBD9F0004828D /* Cocoa.framework */ = {isa = PBXFileReference; lastKnownFileType = wrapper.framework; name = Cocoa.framework; path = System/Library/Frameworks/Cocoa.framework; sourceTree = SDKROOT; };
		55EFABD914ABBD9F0004828D /* AppKit.framework */ = {isa = PBXFileReference; lastKnownFileType = wrapper.framework; name = AppKit.framework; path = System/Library/Frameworks/AppKit.framework; sourceTree = SDKROOT; };
		55EFABDA14ABBD9F0004828D /* CoreData.framework */ = {isa = PBXFileReference; lastKnownFileType = wrapper.framework; name = CoreData.framework; path = System/Library/Frameworks/CoreData.framework; sourceTree = SDKROOT; };
		55EFABDB14ABBD9F0004828D /* Foundation.framework */ = {isa = PBXFileReference; lastKnownFileType = wrapper.framework; name = Foundation.framework; path = System/Library/Frameworks/Foundation.framework; sourceTree = SDKROOT; };
		55EFABDE14ABBD9F0004828D /* r0ketmap-Info.plist */ = {isa = PBXFileReference; lastKnownFileType = text.plist.xml; path = "r0ketmap-Info.plist"; sourceTree = "<group>"; };
		55EFABE014ABBD9F0004828D /* en */ = {isa = PBXFileReference; lastKnownFileType = text.plist.strings; name = en; path = en.lproj/InfoPlist.strings; sourceTree = "<group>"; };
		55EFABE214ABBD9F0004828D /* main.m */ = {isa = PBXFileReference; lastKnownFileType = sourcecode.c.objc; path = main.m; sourceTree = "<group>"; };
		55EFABE414ABBD9F0004828D /* r0ketmap-Prefix.pch */ = {isa = PBXFileReference; lastKnownFileType = sourcecode.c.h; path = "r0ketmap-Prefix.pch"; sourceTree = "<group>"; };
		55EFABE614ABBD9F0004828D /* en */ = {isa = PBXFileReference; lastKnownFileType = text.rtf; name = en; path = en.lproj/Credits.rtf; sourceTree = "<group>"; };
		55EFABE814ABBD9F0004828D /* ULIAppDelegate.h */ = {isa = PBXFileReference; lastKnownFileType = sourcecode.c.h; path = ULIAppDelegate.h; sourceTree = "<group>"; };
		55EFABE914ABBD9F0004828D /* ULIAppDelegate.m */ = {isa = PBXFileReference; lastKnownFileType = sourcecode.c.objc; path = ULIAppDelegate.m; sourceTree = "<group>"; };
		55EFABEC14ABBDA00004828D /* en */ = {isa = PBXFileReference; lastKnownFileType = file.xib; name = en; path = en.lproj/MainMenu.xib; sourceTree = "<group>"; };
		55EFABF614ABC0D00004828D /* ULIPointsView.h */ = {isa = PBXFileReference; fileEncoding = 4; lastKnownFileType = sourcecode.c.h; path = ULIPointsView.h; sourceTree = "<group>"; };
		55EFABF714ABC0D00004828D /* ULIPointsView.m */ = {isa = PBXFileReference; fileEncoding = 4; lastKnownFileType = sourcecode.c.objc; path = ULIPointsView.m; sourceTree = "<group>"; };
/* End PBXFileReference section */

/* Begin PBXFrameworksBuildPhase section */
		55EFABCF14ABBD9F0004828D /* Frameworks */ = {
			isa = PBXFrameworksBuildPhase;
			buildActionMask = 2147483647;
			files = (
				55EFABD714ABBD9F0004828D /* Cocoa.framework in Frameworks */,
			);
			runOnlyForDeploymentPostprocessing = 0;
		};
/* End PBXFrameworksBuildPhase section */

/* Begin PBXGroup section */
		55EFABC714ABBD9F0004828D = {
			isa = PBXGroup;
			children = (
				55EFABDC14ABBD9F0004828D /* r0ketmap */,
				55EFABD514ABBD9F0004828D /* Frameworks */,
				55EFABD314ABBD9F0004828D /* Products */,
			);
			sourceTree = "<group>";
		};
		55EFABD314ABBD9F0004828D /* Products */ = {
			isa = PBXGroup;
			children = (
				55EFABD214ABBD9F0004828D /* r0ketmap.app */,
			);
			name = Products;
			sourceTree = "<group>";
		};
		55EFABD514ABBD9F0004828D /* Frameworks */ = {
			isa = PBXGroup;
			children = (
				55EFABD614ABBD9F0004828D /* Cocoa.framework */,
				55EFABD814ABBD9F0004828D /* Other Frameworks */,
			);
			name = Frameworks;
			sourceTree = "<group>";
		};
		55EFABD814ABBD9F0004828D /* Other Frameworks */ = {
			isa = PBXGroup;
			children = (
				55EFABD914ABBD9F0004828D /* AppKit.framework */,
				55EFABDA14ABBD9F0004828D /* CoreData.framework */,
				55EFABDB14ABBD9F0004828D /* Foundation.framework */,
			);
			name = "Other Frameworks";
			sourceTree = "<group>";
		};
		55EFABDC14ABBD9F0004828D /* r0ketmap */ = {
			isa = PBXGroup;
			children = (
				55EFABE814ABBD9F0004828D /* ULIAppDelegate.h */,
				55EFABE914ABBD9F0004828D /* ULIAppDelegate.m */,
				55EFABEB14ABBDA00004828D /* MainMenu.xib */,
				55EFABF614ABC0D00004828D /* ULIPointsView.h */,
				55EFABF714ABC0D00004828D /* ULIPointsView.m */,
				5547E58014ACE79300AA0218 /* JSONKit.h */,
				5547E58114ACE79300AA0218 /* JSONKit.m */,
				55EFABDD14ABBD9F0004828D /* Supporting Files */,
			);
			path = r0ketmap;
			sourceTree = "<group>";
		};
		55EFABDD14ABBD9F0004828D /* Supporting Files */ = {
			isa = PBXGroup;
			children = (
				55EFABDE14ABBD9F0004828D /* r0ketmap-Info.plist */,
				55EFABDF14ABBD9F0004828D /* InfoPlist.strings */,
				55EFABE214ABBD9F0004828D /* main.m */,
				55EFABE414ABBD9F0004828D /* r0ketmap-Prefix.pch */,
				55EFABE514ABBD9F0004828D /* Credits.rtf */,
			);
			name = "Supporting Files";
			sourceTree = "<group>";
		};
/* End PBXGroup section */

/* Begin PBXNativeTarget section */
		55EFABD114ABBD9F0004828D /* r0ketmap */ = {
			isa = PBXNativeTarget;
			buildConfigurationList = 55EFABF014ABBDA00004828D /* Build configuration list for PBXNativeTarget "r0ketmap" */;
			buildPhases = (
				55EFABCE14ABBD9F0004828D /* Sources */,
				55EFABCF14ABBD9F0004828D /* Frameworks */,
				55EFABD014ABBD9F0004828D /* Resources */,
			);
			buildRules = (
			);
			dependencies = (
			);
			name = r0ketmap;
			productName = r0ketmap;
			productReference = 55EFABD214ABBD9F0004828D /* r0ketmap.app */;
			productType = "com.apple.product-type.application";
		};
/* End PBXNativeTarget section */

/* Begin PBXProject section */
		55EFABC914ABBD9F0004828D /* Project object */ = {
			isa = PBXProject;
			attributes = {
				LastUpgradeCheck = 0420;
				ORGANIZATIONNAME = "The Void Software";
			};
			buildConfigurationList = 55EFABCC14ABBD9F0004828D /* Build configuration list for PBXProject "r0ketmap" */;
			compatibilityVersion = "Xcode 3.2";
			developmentRegion = English;
			hasScannedForEncodings = 0;
			knownRegions = (
				en,
			);
			mainGroup = 55EFABC714ABBD9F0004828D;
			productRefGroup = 55EFABD314ABBD9F0004828D /* Products */;
			projectDirPath = "";
			projectRoot = "";
			targets = (
				55EFABD114ABBD9F0004828D /* r0ketmap */,
			);
		};
/* End PBXProject section */

/* Begin PBXResourcesBuildPhase section */
		55EFABD014ABBD9F0004828D /* Resources */ = {
			isa = PBXResourcesBuildPhase;
			buildActionMask = 2147483647;
			files = (
				55EFABE114ABBD9F0004828D /* InfoPlist.strings in Resources */,
				55EFABE714ABBD9F0004828D /* Credits.rtf in Resources */,
				55EFABED14ABBDA00004828D /* MainMenu.xib in Resources */,
			);
			runOnlyForDeploymentPostprocessing = 0;
		};
/* End PBXResourcesBuildPhase section */

/* Begin PBXSourcesBuildPhase section */
		55EFABCE14ABBD9F0004828D /* Sources */ = {
			isa = PBXSourcesBuildPhase;
			buildActionMask = 2147483647;
			files = (
				55EFABE314ABBD9F0004828D /* main.m in Sources */,
				55EFABEA14ABBD9F0004828D /* ULIAppDelegate.m in Sources */,
				55EFABF814ABC0D00004828D /* ULIPointsView.m in Sources */,
				5547E58214ACE79300AA0218 /* JSONKit.m in Sources */,
			);
			runOnlyForDeploymentPostprocessing = 0;
		};
/* End PBXSourcesBuildPhase section */

/* Begin PBXVariantGroup section */
		55EFABDF14ABBD9F0004828D /* InfoPlist.strings */ = {
			isa = PBXVariantGroup;
			children = (
				55EFABE014ABBD9F0004828D /* en */,
			);
			name = InfoPlist.strings;
			sourceTree = "<group>";
		};
		55EFABE514ABBD9F0004828D /* Credits.rtf */ = {
			isa = PBXVariantGroup;
			children = (
				55EFABE614ABBD9F0004828D /* en */,
			);
			name = Credits.rtf;
			sourceTree = "<group>";
		};
		55EFABEB14ABBDA00004828D /* MainMenu.xib */ = {
			isa = PBXVariantGroup;
			children = (
				55EFABEC14ABBDA00004828D /* en */,
			);
			name = MainMenu.xib;
			sourceTree = "<group>";
		};
/* End PBXVariantGroup section */

/* Begin XCBuildConfiguration section */
		55EFABEE14ABBDA00004828D /* Debug */ = {
			isa = XCBuildConfiguration;
			buildSettings = {
				ALWAYS_SEARCH_USER_PATHS = NO;
				ARCHS = "$(ARCHS_STANDARD_64_BIT)";
				COPY_PHASE_STRIP = NO;
				GCC_C_LANGUAGE_STANDARD = gnu99;
				GCC_DYNAMIC_NO_PIC = NO;
				GCC_ENABLE_OBJC_EXCEPTIONS = YES;
				GCC_OPTIMIZATION_LEVEL = 0;
				GCC_PREPROCESSOR_DEFINITIONS = (
					"DEBUG=1",
					"$(inherited)",
				);
				GCC_SYMBOLS_PRIVATE_EXTERN = NO;
				GCC_VERSION = com.apple.compilers.llvm.clang.1_0;
				GCC_WARN_64_TO_32_BIT_CONVERSION = YES;
				GCC_WARN_ABOUT_MISSING_PROTOTYPES = YES;
				GCC_WARN_ABOUT_RETURN_TYPE = YES;
				GCC_WARN_UNUSED_VARIABLE = YES;
				MACOSX_DEPLOYMENT_TARGET = 10.7;
				ONLY_ACTIVE_ARCH = YES;
				SDKROOT = macosx;
			};
			name = Debug;
		};
		55EFABEF14ABBDA00004828D /* Release */ = {
			isa = XCBuildConfiguration;
			buildSettings = {
				ALWAYS_SEARCH_USER_PATHS = NO;
				ARCHS = "$(ARCHS_STANDARD_64_BIT)";
				COPY_PHASE_STRIP = YES;
				DEBUG_INFORMATION_FORMAT = "dwarf-with-dsym";
				GCC_C_LANGUAGE_STANDARD = gnu99;
				GCC_ENABLE_OBJC_EXCEPTIONS = YES;
				GCC_VERSION = com.apple.compilers.llvm.clang.1_0;
				GCC_WARN_64_TO_32_BIT_CONVERSION = YES;
				GCC_WARN_ABOUT_MISSING_PROTOTYPES = YES;
				GCC_WARN_ABOUT_RETURN_TYPE = YES;
				GCC_WARN_UNUSED_VARIABLE = YES;
				MACOSX_DEPLOYMENT_TARGET = 10.7;
				SDKROOT = macosx;
			};
			name = Release;
		};
		55EFABF114ABBDA00004828D /* Debug */ = {
			isa = XCBuildConfiguration;
			buildSettings = {
				GCC_PRECOMPILE_PREFIX_HEADER = YES;
				GCC_PREFIX_HEADER = "r0ketmap/r0ketmap-Prefix.pch";
				INFOPLIST_FILE = "r0ketmap/r0ketmap-Info.plist";
				PRODUCT_NAME = "$(TARGET_NAME)";
				WRAPPER_EXTENSION = app;
			};
			name = Debug;
		};
		55EFABF214ABBDA00004828D /* Release */ = {
			isa = XCBuildConfiguration;
			buildSettings = {
				GCC_PRECOMPILE_PREFIX_HEADER = YES;
				GCC_PREFIX_HEADER = "r0ketmap/r0ketmap-Prefix.pch";
				INFOPLIST_FILE = "r0ketmap/r0ketmap-Info.plist";
				PRODUCT_NAME = "$(TARGET_NAME)";
				WRAPPER_EXTENSION = app;
			};
			name = Release;
		};
/* End XCBuildConfiguration section */

/* Begin XCConfigurationList section */
		55EFABCC14ABBD9F0004828D /* Build configuration list for PBXProject "r0ketmap" */ = {
			isa = XCConfigurationList;
			buildConfigurations = (
				55EFABEE14ABBDA00004828D /* Debug */,
				55EFABEF14ABBDA00004828D /* Release */,
			);
			defaultConfigurationIsVisible = 0;
			defaultConfigurationName = Release;
		};
		55EFABF014ABBDA00004828D /* Build configuration list for PBXNativeTarget "r0ketmap" */ = {
			isa = XCConfigurationList;
			buildConfigurations = (
				55EFABF114ABBDA00004828D /* Debug */,
				55EFABF214ABBDA00004828D /* Release */,
			);
			defaultConfigurationIsVisible = 0;
			defaultConfigurationName = Release;
		};
/* End XCConfigurationList section */
	};
	rootObject = 55EFABC914ABBD9F0004828D /* Project object */;
}
